{
  "name": "error-handling",
  "version": "0.0.1",
  "lockfileVersion": 2,
  "requires": true,
  "packages": {
    "": {
      "name": "error-handling",
      "version": "0.0.1",
      "license": "MIT",
      "dependencies": {
        "@stencil/core": "npm:@johnjenkins/stencil-community"
      }
    },
    "node_modules/@stencil/core": {
      "name": "@johnjenkins/stencil-community",
      "version": "2.5.3",
      "resolved": "https://registry.npmjs.org/@johnjenkins/stencil-community/-/stencil-community-2.5.3.tgz",
      "integrity": "sha512-n5lb7yHJIpw904T1+cwu93/B4h17OEURb6Olk1qVvnIuIbk28KJkcQL1WSUubPMFBiiXeB7cutDq7EAO8piPlw==",
      "bin": {
        "stencil": "bin/stencil"
      },
      "engines": {
        "node": ">=12.10.0",
        "npm": ">=6.0.0"
      }
    }
  },
  "dependencies": {
    "@stencil/core": {
      "version": "npm:@johnjenkins/stencil-community@2.5.3",
      "resolved": "https://registry.npmjs.org/@johnjenkins/stencil-community/-/stencil-community-2.5.3.tgz",
      "integrity": "sha512-n5lb7yHJIpw904T1+cwu93/B4h17OEURb6Olk1qVvnIuIbk28KJkcQL1WSUubPMFBiiXeB7cutDq7EAO8piPlw=="
    }
  }
}
